<?xml version="1.0" encoding="utf-8"?>
<Project ToolsVersion="4.0" xmlns="http://schemas.microsoft.com/developer/msbuild/2003">
  <ItemGroup>
    <ClCompile Include="attribute.cpp" />
    <ClCompile Include="catalog_manager.cpp" />
    <ClCompile Include="error.cpp" />
    <ClCompile Include="main.cpp" />
    <ClCompile Include="table.cpp" />
    <ClCompile Include="database.cpp" />
  </ItemGroup>
  <ItemGroup>
    <ClInclude Include="attribute.h" />
    <ClInclude Include="catalog_manager.h" />
    <ClInclude Include="error.h" />
    <ClInclude Include="ErrorCode.h" />
    <ClInclude Include="ErrorCode1.h" />
    <ClInclude Include="ErrorCode2.h" />
    <ClInclude Include="ErrorCode3.h" />
    <ClInclude Include="table.h" />
    <ClInclude Include="database.h" />
  </ItemGroup>
</Project>